
Microsoft Visual Studio Solution File, Format Version 12.00
# Visual Studio Version 16
VisualStudioVersion = 25.0.1704.5
MinimumVisualStudioVersion = 10.0.40219.1
Project("{FAE04EC0-301F-11D3-BF4B-00C04F79EFBC}") = "ButterMtn-296", "ButterMtn-296\ButterMtn-296.csproj", "{BD68CBD1-D39F-4B36-BF5C-55F2143FDAD4}"
EndProject
Project("{FAE04EC0-301F-11D3-BF4B-00C04F79EFBC}") = "ButterMtn-266Tests", "ButterMtn-266Tests\ButterMtn-266Tests.csproj", "{F646A5F5-CCCA-42FB-94EF-51C47D955464}"
EndProject
Global
	GlobalSection(SolutionConfigurationPlatforms) = preSolution
		Debug|Any CPU = Debug|Any CPU
		Release|Any CPU = Release|Any CPU
	EndGlobalSection
	GlobalSection(ProjectConfigurationPlatforms) = postSolution
		{BD68CBD1-D39F-4B36-BF5C-55F2143FDAD4}.Debug|Any CPU.ActiveCfg = Debug|Any CPU
		{BD68CBD1-D39F-4B36-BF5C-55F2143FDAD4}.Debug|Any CPU.Build.0 = Debug|Any CPU
		{BD68CBD1-D39F-4B36-BF5C-55F2143FDAD4}.Release|Any CPU.ActiveCfg = Release|Any CPU
		{BD68CBD1-D39F-4B36-BF5C-55F2143FDAD4}.Release|Any CPU.Build.0 = Release|Any CPU
		{F646A5F5-CCCA-42FB-94EF-51C47D955464}.Debug|Any CPU.ActiveCfg = Debug|Any CPU
		{F646A5F5-CCCA-42FB-94EF-51C47D955464}.Debug|Any CPU.Build.0 = Debug|Any CPU
		{F646A5F5-CCCA-42FB-94EF-51C47D955464}.Release|Any CPU.ActiveCfg = Release|Any CPU
		{F646A5F5-CCCA-42FB-94EF-51C47D955464}.Release|Any CPU.Build.0 = Release|Any CPU
	EndGlobalSection
	GlobalSection(SolutionProperties) = preSolution
		HideSolutionNode = FALSE
	EndGlobalSection
	GlobalSection(ExtensibilityGlobals) = postSolution
		SolutionGuid = {CAB1B154-973A-49E2-AB0F-25874241BCB6}
	EndGlobalSection
EndGlobal
